{
    "_readme": [
        "This file locks the dependencies of your project to a known state",
        "Read more about it at https://getcomposer.org/doc/01-basic-usage.md#installing-dependencies",
        "This file is @generated automatically"
    ],
    "content-hash": "f86cac9e276870b23b2cd0ad22c55ba7",
    "packages": [
        {
            "name": "ocallit/sqler",
            "version": "1.0.7",
            "source": {
                "type": "git",
                "url": "https://github.com/ocallit/Sqler.git",
                "reference": "e3ee0737c66b7515c007d6c1248937df534cc7b6"
            },
            "dist": {
                "type": "zip",
                "url": "https://api.github.com/repos/ocallit/Sqler/zipball/e3ee0737c66b7515c007d6c1248937df534cc7b6",
                "reference": "e3ee0737c66b7515c007d6c1248937df534cc7b6",
                "shasum": ""
            },
            "require": {
                "ext-mysqli": "*",
                "php": "^8.2"
            },
            "type": "library",
            "autoload": {
                "psr-4": {
                    "Ocallit\\Sqler\\": "src/"
                }
            },
            "notification-url": "https://packagist.org/downloads/",
            "license": [
                "MIT"
            ],
            "description": "A php sql builder, helpers and mysqli wrapper",
            "support": {
                "issues": "https://github.com/ocallit/Sqler/issues",
                "source": "https://github.com/ocallit/Sqler/tree/1.0.7"
            },
            "time": "2025-04-01T11:40:17+00:00"
        },
        {
            "name": "slowprog/composer-copy-file",
            "version": "0.3.3",
            "source": {
                "type": "git",
                "url": "https://github.com/slowprog/CopyFile.git",
                "reference": "b02d55f7587577f29d355f0ce7b697f66dffc0af"
            },
            "dist": {
                "type": "zip",
                "url": "https://api.github.com/repos/slowprog/CopyFile/zipball/b02d55f7587577f29d355f0ce7b697f66dffc0af",
                "reference": "b02d55f7587577f29d355f0ce7b697f66dffc0af",
                "shasum": ""
            },
            "require": {
                "php": ">=5.6"
            },
            "require-dev": {
                "composer/composer": "1.0.*@dev",
                "mikey179/vfsstream": "~1",
                "php-mock/php-mock-phpunit": "~1",
                "phpunit/phpunit": "5.7.27",
                "symfony/filesystem": "~2.7",
                "symfony/finder": "~2.7"
            },
            "type": "library",
            "autoload": {
                "psr-4": {
                    "SlowProg\\CopyFile\\": ""
                }
            },
            "notification-url": "https://packagist.org/downloads/",
            "license": [
                "MIT"
            ],
            "authors": [
                {
                    "name": "Andrey Tyshev",
                    "email": "slowprog@gmail.com"
                }
            ],
            "description": "Composer script copying your files after install",
            "homepage": "https://github.com/SlowProg/composer-copy-file",
            "keywords": [
                "copy file"
            ],
            "support": {
                "issues": "https://github.com/slowprog/CopyFile/issues",
                "source": "https://github.com/slowprog/CopyFile/tree/0.3.3"
            },
            "time": "2020-07-02T14:44:41+00:00"
        }
    ],
    "packages-dev": [],
    "aliases": [],
    "minimum-stability": "stable",
    "stability-flags": {},
    "prefer-stable": false,
    "prefer-lowest": false,
    "platform": {
        "php": "^8.2",
        "ext-mysqli": "*"
    },
    "platform-dev": {},
    "plugin-api-version": "2.6.0"
}
